Microsoft Visual Studio Solution File, Format Version 11.00
# Visual Studio 2008

Project("{2BF213CC-C785-82E8-CB33-EF5CFAE9D5D6}") = "FYP synthetic model", "Assembly-CSharp.csproj", "{559C4CC8-E4C7-CC8E-23DD-76BFF04407AB}"
EndProject
Global
	GlobalSection(SolutionConfigurationPlatforms) = preSolution
		Debug|Any CPU = Debug|Any CPU
		Release|Any CPU = Release|Any CPU
	EndGlobalSection
	GlobalSection(ProjectConfigurationPlatforms) = postSolution
		{559C4CC8-E4C7-CC8E-23DD-76BFF04407AB}.Debug|Any CPU.ActiveCfg = Debug|Any CPU
		{559C4CC8-E4C7-CC8E-23DD-76BFF04407AB}.Debug|Any CPU.Build.0 = Debug|Any CPU
		{559C4CC8-E4C7-CC8E-23DD-76BFF04407AB}.Release|Any CPU.ActiveCfg = Release|Any CPU
		{559C4CC8-E4C7-CC8E-23DD-76BFF04407AB}.Release|Any CPU.Build.0 = Release|Any CPU
	EndGlobalSection
	GlobalSection(SolutionProperties) = preSolution
		HideSolutionNode = FALSE
	EndGlobalSection
	GlobalSection(MonoDevelopProperties) = preSolution
		StartupItem = Assembly-CSharp.csproj
	EndGlobalSection
EndGlobal
